
Microsoft Visual Studio Solution File, Format Version 12.00
# Visual Studio Version 16
VisualStudioVersion = 16.0.31729.503
MinimumVisualStudioVersion = 10.0.40219.1
Project("{9A19103F-16F7-4668-BE54-9A1E7A4F7556}") = "CrudApp", "CrudApp\CrudApp.csproj", "{B4BE8C35-9099-42BA-AD97-FD1C62FF31F9}"
EndProject
Global
	GlobalSection(SolutionConfigurationPlatforms) = preSolution
		Debug|Any CPU = Debug|Any CPU
		Release|Any CPU = Release|Any CPU
	EndGlobalSection
	GlobalSection(ProjectConfigurationPlatforms) = postSolution
		{B4BE8C35-9099-42BA-AD97-FD1C62FF31F9}.Debug|Any CPU.ActiveCfg = Debug|Any CPU
		{B4BE8C35-9099-42BA-AD97-FD1C62FF31F9}.Debug|Any CPU.Build.0 = Debug|Any CPU
		{B4BE8C35-9099-42BA-AD97-FD1C62FF31F9}.Release|Any CPU.ActiveCfg = Release|Any CPU
		{B4BE8C35-9099-42BA-AD97-FD1C62FF31F9}.Release|Any CPU.Build.0 = Release|Any CPU
	EndGlobalSection
	GlobalSection(SolutionProperties) = preSolution
		HideSolutionNode = FALSE
	EndGlobalSection
	GlobalSection(ExtensibilityGlobals) = postSolution
		SolutionGuid = {4BCD0544-B86D-4498-B280-11112CFFB877}
	EndGlobalSection
EndGlobal
